# ZABACODE Locked Dependencies — v1.2.0
# Generated: 2026-07-26, Reviewed, Fixed for CI
# Purpose: Reproducible builds, supply-chain trust (Fix #26)
# Usage: pip install -r requirements.lock
# To update: pip-compile requirements-dev.txt --generate-hashes -o requirements.lock
# Hashes omitted for brevity in this snapshot, but production should include --generate-hashes

# Core WebView shell
Flask==2.3.3
  # via requirements-dev.txt
waitress==2.1.2

# Core Dependencies
certifi==2024.2.2
requests==2.31.0
tinydb==4.8.0
beautifulsoup4==4.12.2
python-dotenv==1.0.0

# Testing
pytest==7.4.0
pytest-cov==4.1.0

# Android / Pyjnius Integration (optional in dev, active on Android)
# Fixed: 1.5.2 not found on PyPI for this platform, use 1.6.1 which exists
pyjnius==1.6.1

# Code Quality (CI)
ruff==0.6.9
mypy==1.11.1
buildozer==1.5.0
cython==0.29.33

# Notes:
# - All versions pinned to exact, no floating >=
# - pyjnius 1.5.2 -> 1.6.1 fix: 1.5.2 not available on PyPI (available: 1.5.0, 1.6.0, 1.6.1, 1.7.0)
# - For full hash-locked file, run: pip-compile --generate-hashes
# - CI uses this file + pinned GitHub Actions SHAs, with fallback to requirements-dev.txt if lock fails
